
Microsoft Visual Studio Solution File, Format Version 12.00
# Visual Studio 15
VisualStudioVersion = 15.0.27428.2011
MinimumVisualStudioVersion = 10.0.40219.1
Project("{9A19103F-16F7-4668-BE54-9A1E7A4F7556}") = "ListyIterator", "ListyIterator\ListyIterator.csproj", "{1EC8C9DF-6905-4FEB-A5F4-5B4BFF0248FA}"
EndProject
Project("{FAE04EC0-301F-11D3-BF4B-00C04F79EFBC}") = "Collection", "Collection\Collection.csproj", "{5A442D13-DF68-45A3-9EE3-F3BC1A742C84}"
EndProject
Project("{FAE04EC0-301F-11D3-BF4B-00C04F79EFBC}") = "Stack", "Stack\Stack.csproj", "{877A4504-D644-4822-8857-70A9A6EDF408}"
EndProject
Project("{FAE04EC0-301F-11D3-BF4B-00C04F79EFBC}") = "Froggy", "Froggy\Froggy.csproj", "{9FAA4F5A-79C7-4E07-AC73-71D7D8A1EEFE}"
EndProject
Project("{FAE04EC0-301F-11D3-BF4B-00C04F79EFBC}") = "ComparingObjects", "ComparingObjects\ComparingObjects.csproj", "{AA8D6923-10BD-4FBE-831B-9B7294B6BBB4}"
EndProject
Project("{FAE04EC0-301F-11D3-BF4B-00C04F79EFBC}") = "StrategyPattern", "StrategyPattern\StrategyPattern.csproj", "{AE4391A1-CB40-47EB-8531-A6248F8BD838}"
EndProject
Project("{FAE04EC0-301F-11D3-BF4B-00C04F79EFBC}") = "EqualityLogic", "EqualityLogic\EqualityLogic.csproj", "{96426B20-7C9C-4AC8-9BC8-A386658CC403}"
EndProject
Project("{FAE04EC0-301F-11D3-BF4B-00C04F79EFBC}") = "PetClinic", "PetClinic\PetClinic.csproj", "{716B2EF1-E024-4C54-8748-598ED8427C6E}"
EndProject
Project("{FAE04EC0-301F-11D3-BF4B-00C04F79EFBC}") = "LinkedListTraversal", "LinkedListTraversal\LinkedListTraversal.csproj", "{BFEAC0AD-3E6F-4024-8B6A-B212B6FF678F}"
EndProject
Global
	GlobalSection(SolutionConfigurationPlatforms) = preSolution
		Debug|Any CPU = Debug|Any CPU
		Release|Any CPU = Release|Any CPU
	EndGlobalSection
	GlobalSection(ProjectConfigurationPlatforms) = postSolution
		{1EC8C9DF-6905-4FEB-A5F4-5B4BFF0248FA}.Debug|Any CPU.ActiveCfg = Debug|Any CPU
		{1EC8C9DF-6905-4FEB-A5F4-5B4BFF0248FA}.Debug|Any CPU.Build.0 = Debug|Any CPU
		{1EC8C9DF-6905-4FEB-A5F4-5B4BFF0248FA}.Release|Any CPU.ActiveCfg = Release|Any CPU
		{1EC8C9DF-6905-4FEB-A5F4-5B4BFF0248FA}.Release|Any CPU.Build.0 = Release|Any CPU
		{5A442D13-DF68-45A3-9EE3-F3BC1A742C84}.Debug|Any CPU.ActiveCfg = Debug|Any CPU
		{5A442D13-DF68-45A3-9EE3-F3BC1A742C84}.Debug|Any CPU.Build.0 = Debug|Any CPU
		{5A442D13-DF68-45A3-9EE3-F3BC1A742C84}.Release|Any CPU.ActiveCfg = Release|Any CPU
		{5A442D13-DF68-45A3-9EE3-F3BC1A742C84}.Release|Any CPU.Build.0 = Release|Any CPU
		{877A4504-D644-4822-8857-70A9A6EDF408}.Debug|Any CPU.ActiveCfg = Debug|Any CPU
		{877A4504-D644-4822-8857-70A9A6EDF408}.Debug|Any CPU.Build.0 = Debug|Any CPU
		{877A4504-D644-4822-8857-70A9A6EDF408}.Release|Any CPU.ActiveCfg = Release|Any CPU
		{877A4504-D644-4822-8857-70A9A6EDF408}.Release|Any CPU.Build.0 = Release|Any CPU
		{9FAA4F5A-79C7-4E07-AC73-71D7D8A1EEFE}.Debug|Any CPU.ActiveCfg = Debug|Any CPU
		{9FAA4F5A-79C7-4E07-AC73-71D7D8A1EEFE}.Debug|Any CPU.Build.0 = Debug|Any CPU
		{9FAA4F5A-79C7-4E07-AC73-71D7D8A1EEFE}.Release|Any CPU.ActiveCfg = Release|Any CPU
		{9FAA4F5A-79C7-4E07-AC73-71D7D8A1EEFE}.Release|Any CPU.Build.0 = Release|Any CPU
		{AA8D6923-10BD-4FBE-831B-9B7294B6BBB4}.Debug|Any CPU.ActiveCfg = Debug|Any CPU
		{AA8D6923-10BD-4FBE-831B-9B7294B6BBB4}.Debug|Any CPU.Build.0 = Debug|Any CPU
		{AA8D6923-10BD-4FBE-831B-9B7294B6BBB4}.Release|Any CPU.ActiveCfg = Release|Any CPU
		{AA8D6923-10BD-4FBE-831B-9B7294B6BBB4}.Release|Any CPU.Build.0 = Release|Any CPU
		{AE4391A1-CB40-47EB-8531-A6248F8BD838}.Debug|Any CPU.ActiveCfg = Debug|Any CPU
		{AE4391A1-CB40-47EB-8531-A6248F8BD838}.Debug|Any CPU.Build.0 = Debug|Any CPU
		{AE4391A1-CB40-47EB-8531-A6248F8BD838}.Release|Any CPU.ActiveCfg = Release|Any CPU
		{AE4391A1-CB40-47EB-8531-A6248F8BD838}.Release|Any CPU.Build.0 = Release|Any CPU
		{96426B20-7C9C-4AC8-9BC8-A386658CC403}.Debug|Any CPU.ActiveCfg = Debug|Any CPU
		{96426B20-7C9C-4AC8-9BC8-A386658CC403}.Debug|Any CPU.Build.0 = Debug|Any CPU
		{96426B20-7C9C-4AC8-9BC8-A386658CC403}.Release|Any CPU.ActiveCfg = Release|Any CPU
		{96426B20-7C9C-4AC8-9BC8-A386658CC403}.Release|Any CPU.Build.0 = Release|Any CPU
		{716B2EF1-E024-4C54-8748-598ED8427C6E}.Debug|Any CPU.ActiveCfg = Debug|Any CPU
		{716B2EF1-E024-4C54-8748-598ED8427C6E}.Debug|Any CPU.Build.0 = Debug|Any CPU
		{716B2EF1-E024-4C54-8748-598ED8427C6E}.Release|Any CPU.ActiveCfg = Release|Any CPU
		{716B2EF1-E024-4C54-8748-598ED8427C6E}.Release|Any CPU.Build.0 = Release|Any CPU
		{BFEAC0AD-3E6F-4024-8B6A-B212B6FF678F}.Debug|Any CPU.ActiveCfg = Debug|Any CPU
		{BFEAC0AD-3E6F-4024-8B6A-B212B6FF678F}.Debug|Any CPU.Build.0 = Debug|Any CPU
		{BFEAC0AD-3E6F-4024-8B6A-B212B6FF678F}.Release|Any CPU.ActiveCfg = Release|Any CPU
		{BFEAC0AD-3E6F-4024-8B6A-B212B6FF678F}.Release|Any CPU.Build.0 = Release|Any CPU
	EndGlobalSection
	GlobalSection(SolutionProperties) = preSolution
		HideSolutionNode = FALSE
	EndGlobalSection
	GlobalSection(ExtensibilityGlobals) = postSolution
		SolutionGuid = {B0469BFD-6A83-4819-B41E-5B0834977D94}
	EndGlobalSection
EndGlobal
